{
  "version": 4,
  "terraform_version": "0.12.0",
  "serial": 7,
  "lineage": "6be1f485-3f6b-e4ba-99a9-9c23f9e35e3f",
  "outputs": {},
  "resources": [
    {
      "mode": "data",
      "type": "local_file",
      "name": "springboot",
      "provider": "provider.local",
      "instances": [
        {
          "schema_version": 0,
          "attributes": {
            "content": "myconfig:\n  from-ssm: This comes from SSM as it should",
            "filename": "./files/springboot.yaml",
            "id": "6a25895727aa49fa0cc767fca2b752f69787b3a3"
          }
        }
      ]
    },
    {
      "mode": "managed",
      "type": "aws_kms_alias",
      "name": "paramstore",
      "provider": "provider.aws",
      "instances": [
        {
          "schema_version": 0,
          "attributes": {
            "arn": "arn:aws:kms:eu-central-1:289207555272:alias/spring-aws-ssm-itest",
            "id": "alias/spring-aws-ssm-itest",
            "name": "alias/spring-aws-ssm-itest",
            "name_prefix": null,
            "target_key_arn": "arn:aws:kms:eu-central-1:289207555272:key/016bc1ef-3e33-419d-b33a-6682eb0f0ed6",
            "target_key_id": "016bc1ef-3e33-419d-b33a-6682eb0f0ed6"
          },
          "depends_on": [
            "aws_kms_key.spring_aws_ssm"
          ]
        }
      ]
    },
    {
      "mode": "managed",
      "type": "aws_kms_key",
      "name": "spring_aws_ssm",
      "provider": "provider.aws",
      "instances": [
        {
          "schema_version": 0,
          "attributes": {
            "arn": "arn:aws:kms:eu-central-1:289207555272:key/016bc1ef-3e33-419d-b33a-6682eb0f0ed6",
            "deletion_window_in_days": null,
            "description": "Spring AWS SSM itest",
            "enable_key_rotation": true,
            "id": "016bc1ef-3e33-419d-b33a-6682eb0f0ed6",
            "is_enabled": true,
            "key_id": "016bc1ef-3e33-419d-b33a-6682eb0f0ed6",
            "key_usage": "ENCRYPT_DECRYPT",
            "policy": "{\"Id\":\"key-default-1\",\"Statement\":[{\"Action\":\"kms:*\",\"Effect\":\"Allow\",\"Principal\":{\"AWS\":\"arn:aws:iam::289207555272:root\"},\"Resource\":\"*\",\"Sid\":\"Enable IAM User Permissions\"}],\"Version\":\"2012-10-17\"}",
            "tags": {
              "Name": "Spring AWS SSM itest"
            }
          }
        }
      ]
    },
    {
      "mode": "managed",
      "type": "aws_ssm_parameter",
      "name": "spring-aws-ssm",
      "provider": "provider.aws",
      "instances": [
        {
          "schema_version": 0,
          "attributes": {
            "allowed_pattern": "",
            "arn": "arn:aws:ssm:eu-central-1:289207555272:parameter/components/spring-aws-ssm/itest/springboot.yaml",
            "description": "Spring AWS SSM application.yaml for miljoe itest",
            "id": "/components/spring-aws-ssm/itest/springboot.yaml",
            "key_id": "016bc1ef-3e33-419d-b33a-6682eb0f0ed6",
            "name": "/components/spring-aws-ssm/itest/springboot.yaml",
            "overwrite": true,
            "tags": {
              "Name": "spring-aws-ssm-itest"
            },
            "tier": "Standard",
            "type": "SecureString",
            "value": "myconfig:\n  from-ssm: This comes from SSM as it should"
          },
          "depends_on": [
            "aws_kms_key.spring_aws_ssm",
            "data.local_file.springboot"
          ]
        }
      ]
    }
  ]
}
